
Microsoft Visual Studio Solution File, Format Version 12.00
# Visual Studio Version 17
VisualStudioVersion = 17.11.35327.3
MinimumVisualStudioVersion = 10.0.40219.1
Project("{FAE04EC0-301F-11D3-BF4B-00C04F79EFBC}") = "ComponentsManagement", "ComponentsManagement.csproj", "{15BC8DE1-C84B-4010-9AF7-1F4CA07D3FAE}"
EndProject
Global
	GlobalSection(SolutionConfigurationPlatforms) = preSolution
		Debug|Any CPU = Debug|Any CPU
		Release|Any CPU = Release|Any CPU
	EndGlobalSection
	GlobalSection(ProjectConfigurationPlatforms) = postSolution
		{15BC8DE1-C84B-4010-9AF7-1F4CA07D3FAE}.Debug|Any CPU.ActiveCfg = Debug|Any CPU
		{15BC8DE1-C84B-4010-9AF7-1F4CA07D3FAE}.Debug|Any CPU.Build.0 = Debug|Any CPU
		{15BC8DE1-C84B-4010-9AF7-1F4CA07D3FAE}.Release|Any CPU.ActiveCfg = Release|Any CPU
		{15BC8DE1-C84B-4010-9AF7-1F4CA07D3FAE}.Release|Any CPU.Build.0 = Release|Any CPU
	EndGlobalSection
	GlobalSection(SolutionProperties) = preSolution
		HideSolutionNode = FALSE
	EndGlobalSection
	GlobalSection(ExtensibilityGlobals) = postSolution
		SolutionGuid = {6E0EA1B2-F8F5-405D-BE42-67D01E59CC26}
	EndGlobalSection
EndGlobal
